
Microsoft Visual Studio Solution File, Format Version 12.00
# Visual Studio Version 17
VisualStudioVersion = 17.3.32901.215
MinimumVisualStudioVersion = 10.0.40219.1
Project("{FAE04EC0-301F-11D3-BF4B-00C04F79EFBC}") = "Times Table num1 and num2 equals", "Times Table num1 and num2 equals\Times Table num1 and num2 equals.csproj", "{A1DA54EB-8F6F-4B37-900C-722254B97F59}"
EndProject
Global
	GlobalSection(SolutionConfigurationPlatforms) = preSolution
		Debug|Any CPU = Debug|Any CPU
		Release|Any CPU = Release|Any CPU
	EndGlobalSection
	GlobalSection(ProjectConfigurationPlatforms) = postSolution
		{A1DA54EB-8F6F-4B37-900C-722254B97F59}.Debug|Any CPU.ActiveCfg = Debug|Any CPU
		{A1DA54EB-8F6F-4B37-900C-722254B97F59}.Debug|Any CPU.Build.0 = Debug|Any CPU
		{A1DA54EB-8F6F-4B37-900C-722254B97F59}.Release|Any CPU.ActiveCfg = Release|Any CPU
		{A1DA54EB-8F6F-4B37-900C-722254B97F59}.Release|Any CPU.Build.0 = Release|Any CPU
	EndGlobalSection
	GlobalSection(SolutionProperties) = preSolution
		HideSolutionNode = FALSE
	EndGlobalSection
	GlobalSection(ExtensibilityGlobals) = postSolution
		SolutionGuid = {095582CE-F2E9-487D-826E-861AAE65024A}
	EndGlobalSection
EndGlobal
